
Microsoft Visual Studio Solution File, Format Version 12.00
# Visual Studio 15
VisualStudioVersion = 15.0.27428.2015
MinimumVisualStudioVersion = 10.0.40219.1
Project("{9A19103F-16F7-4668-BE54-9A1E7A4F7556}") = "ThreeFourteen.AlphaVantage", "src\ThreeFourteen.AlphaVantage\ThreeFourteen.AlphaVantage.csproj", "{5A9B6BF9-1855-4CAC-B963-FB0B8554291D}"
EndProject
Project("{9A19103F-16F7-4668-BE54-9A1E7A4F7556}") = "ThreeFourteen.AlphaVantage.Runner", "src\ThreeFourteen.AlphaVantage.Runner\ThreeFourteen.AlphaVantage.Runner.csproj", "{97237793-870C-4DB0-A1F5-D6421DA552FC}"
EndProject
Project("{9A19103F-16F7-4668-BE54-9A1E7A4F7556}") = "ThreeFourteen.AlphaVantage.Test", "test\ThreeFourteen.AlphaVantage.Test\ThreeFourteen.AlphaVantage.Test.csproj", "{3A0038CA-DC29-4FD5-A079-092016F8CAC1}"
EndProject
Global
	GlobalSection(SolutionConfigurationPlatforms) = preSolution
		Debug|Any CPU = Debug|Any CPU
		Release|Any CPU = Release|Any CPU
	EndGlobalSection
	GlobalSection(ProjectConfigurationPlatforms) = postSolution
		{5A9B6BF9-1855-4CAC-B963-FB0B8554291D}.Debug|Any CPU.ActiveCfg = Debug|Any CPU
		{5A9B6BF9-1855-4CAC-B963-FB0B8554291D}.Debug|Any CPU.Build.0 = Debug|Any CPU
		{5A9B6BF9-1855-4CAC-B963-FB0B8554291D}.Release|Any CPU.ActiveCfg = Release|Any CPU
		{5A9B6BF9-1855-4CAC-B963-FB0B8554291D}.Release|Any CPU.Build.0 = Release|Any CPU
		{97237793-870C-4DB0-A1F5-D6421DA552FC}.Debug|Any CPU.ActiveCfg = Debug|Any CPU
		{97237793-870C-4DB0-A1F5-D6421DA552FC}.Debug|Any CPU.Build.0 = Debug|Any CPU
		{97237793-870C-4DB0-A1F5-D6421DA552FC}.Release|Any CPU.ActiveCfg = Release|Any CPU
		{97237793-870C-4DB0-A1F5-D6421DA552FC}.Release|Any CPU.Build.0 = Release|Any CPU
		{3A0038CA-DC29-4FD5-A079-092016F8CAC1}.Debug|Any CPU.ActiveCfg = Debug|Any CPU
		{3A0038CA-DC29-4FD5-A079-092016F8CAC1}.Debug|Any CPU.Build.0 = Debug|Any CPU
		{3A0038CA-DC29-4FD5-A079-092016F8CAC1}.Release|Any CPU.ActiveCfg = Release|Any CPU
		{3A0038CA-DC29-4FD5-A079-092016F8CAC1}.Release|Any CPU.Build.0 = Release|Any CPU
	EndGlobalSection
	GlobalSection(SolutionProperties) = preSolution
		HideSolutionNode = FALSE
	EndGlobalSection
	GlobalSection(ExtensibilityGlobals) = postSolution
		SolutionGuid = {6CD29410-2154-4CBB-AAD7-877E06216E26}
	EndGlobalSection
EndGlobal
